github.com/chunyenHuang/gofpdi v1.0.14 h1:bhfDRoseausmldOOiPGYpiGf1WfgbMpSpG08Bc2MUGM=
github.com/chunyenHuang/gofpdi v1.0.14/go.mod h1:SYEZCuNhix4kn9wrrnp28KY2U5HB0SdUZ6PKoW3K1SM=
github.com/pkg/errors v0.8.1 h1:iURUrRGxPUNPdy5/HRSm+Yj6okJ6UtLINN0Q9M4+h3I=
github.com/pkg/errors v0.8.1/go.mod h1:bwawxfHBFNV+L2hUp1rHADufV3IMtnDRdf1r5NINEl0=
